
Microsoft Visual Studio Solution File, Format Version 12.00
# Visual Studio Version 17
VisualStudioVersion = 17.12.35728.132 d17.12
MinimumVisualStudioVersion = 10.0.40219.1
Project("{FAE04EC0-301F-11D3-BF4B-00C04F79EFBC}") = "Day2(21july)OOPS", "Day2(21july)OOPS.csproj", "{10F0C346-5D37-4F39-AE96-FB55FAFE3C21}"
EndProject
Project("{2150E333-8FDC-42A3-9474-1A3956D46DE8}") = "Solution Items", "Solution Items", "{B68D12EE-05D8-44BF-A21B-137443E9D31E}"
	ProjectSection(SolutionItems) = preProject
		BankAccount.cs = BankAccount.cs
	EndProjectSection
EndProject
Global
	GlobalSection(SolutionConfigurationPlatforms) = preSolution
		Debug|Any CPU = Debug|Any CPU
		Release|Any CPU = Release|Any CPU
	EndGlobalSection
	GlobalSection(ProjectConfigurationPlatforms) = postSolution
		{10F0C346-5D37-4F39-AE96-FB55FAFE3C21}.Debug|Any CPU.ActiveCfg = Debug|Any CPU
		{10F0C346-5D37-4F39-AE96-FB55FAFE3C21}.Debug|Any CPU.Build.0 = Debug|Any CPU
		{10F0C346-5D37-4F39-AE96-FB55FAFE3C21}.Release|Any CPU.ActiveCfg = Release|Any CPU
		{10F0C346-5D37-4F39-AE96-FB55FAFE3C21}.Release|Any CPU.Build.0 = Release|Any CPU
	EndGlobalSection
	GlobalSection(SolutionProperties) = preSolution
		HideSolutionNode = FALSE
	EndGlobalSection
EndGlobal
